
Microsoft Visual Studio Solution File, Format Version 12.00
# Visual Studio 15
VisualStudioVersion = 15.0.27703.2042
MinimumVisualStudioVersion = 10.0.40219.1
Project("{9A19103F-16F7-4668-BE54-9A1E7A4F7556}") = "Simplex", "Simplex\Simplex.csproj", "{F77D7ABF-4AC7-4D7B-987A-7DC0689C3B41}"
EndProject
Project("{FAE04EC0-301F-11D3-BF4B-00C04F79EFBC}") = "MsTest", "MsTest\MsTest.csproj", "{39241F15-BF41-4EF2-9E4A-8491A402A1E2}"
	ProjectSection(ProjectDependencies) = postProject
		{F77D7ABF-4AC7-4D7B-987A-7DC0689C3B41} = {F77D7ABF-4AC7-4D7B-987A-7DC0689C3B41}
	EndProjectSection
EndProject
Global
	GlobalSection(SolutionConfigurationPlatforms) = preSolution
		Debug|Any CPU = Debug|Any CPU
		Release|Any CPU = Release|Any CPU
	EndGlobalSection
	GlobalSection(ProjectConfigurationPlatforms) = postSolution
		{F77D7ABF-4AC7-4D7B-987A-7DC0689C3B41}.Debug|Any CPU.ActiveCfg = Debug|Any CPU
		{F77D7ABF-4AC7-4D7B-987A-7DC0689C3B41}.Debug|Any CPU.Build.0 = Debug|Any CPU
		{F77D7ABF-4AC7-4D7B-987A-7DC0689C3B41}.Release|Any CPU.ActiveCfg = Release|Any CPU
		{F77D7ABF-4AC7-4D7B-987A-7DC0689C3B41}.Release|Any CPU.Build.0 = Release|Any CPU
		{39241F15-BF41-4EF2-9E4A-8491A402A1E2}.Debug|Any CPU.ActiveCfg = Debug|Any CPU
		{39241F15-BF41-4EF2-9E4A-8491A402A1E2}.Debug|Any CPU.Build.0 = Debug|Any CPU
		{39241F15-BF41-4EF2-9E4A-8491A402A1E2}.Release|Any CPU.ActiveCfg = Release|Any CPU
		{39241F15-BF41-4EF2-9E4A-8491A402A1E2}.Release|Any CPU.Build.0 = Release|Any CPU
	EndGlobalSection
	GlobalSection(SolutionProperties) = preSolution
		HideSolutionNode = FALSE
	EndGlobalSection
	GlobalSection(ExtensibilityGlobals) = postSolution
		SolutionGuid = {6C8788A5-9604-46FA-9F98-0B9829820B6C}
	EndGlobalSection
EndGlobal
